
Microsoft Visual Studio Solution File, Format Version 12.00
# Visual Studio Version 17
VisualStudioVersion = 17.5.33516.290
MinimumVisualStudioVersion = 10.0.40219.1
Project("{FAE04EC0-301F-11D3-BF4B-00C04F79EFBC}") = "BuzzingCompany", "BuzzingCompany.csproj", "{B547D1CD-5FF2-4C06-A735-7377219203B9}"
EndProject
Global
	GlobalSection(SolutionConfigurationPlatforms) = preSolution
		Debug|Any CPU = Debug|Any CPU
		Release|Any CPU = Release|Any CPU
	EndGlobalSection
	GlobalSection(ProjectConfigurationPlatforms) = postSolution
		{B547D1CD-5FF2-4C06-A735-7377219203B9}.Debug|Any CPU.ActiveCfg = Debug|Any CPU
		{B547D1CD-5FF2-4C06-A735-7377219203B9}.Debug|Any CPU.Build.0 = Debug|Any CPU
		{B547D1CD-5FF2-4C06-A735-7377219203B9}.Release|Any CPU.ActiveCfg = Release|Any CPU
		{B547D1CD-5FF2-4C06-A735-7377219203B9}.Release|Any CPU.Build.0 = Release|Any CPU
	EndGlobalSection
	GlobalSection(SolutionProperties) = preSolution
		HideSolutionNode = FALSE
	EndGlobalSection
	GlobalSection(ExtensibilityGlobals) = postSolution
		SolutionGuid = {91B22362-196E-4B5D-9D96-45A5140D8181}
	EndGlobalSection
EndGlobal
